
Microsoft Visual Studio Solution File, Format Version 12.00
# Visual Studio Version 16
VisualStudioVersion = 16.0.30114.105
MinimumVisualStudioVersion = 10.0.40219.1
Project("{FAE04EC0-301F-11D3-BF4B-00C04F79EFBC}") = "LINQFundamentals", "LINQFundamentals\LINQFundamentals.csproj", "{6C43F730-7D33-46DD-B973-2A528DD4EE26}"
EndProject
Project("{FAE04EC0-301F-11D3-BF4B-00C04F79EFBC}") = "LINQFundamentals.Common", "LInqFundamentals.Common\LINQFundamentals.Common.csproj", "{ED8E1555-684D-47C7-BAC2-4AC637490471}"
EndProject
Project("{FAE04EC0-301F-11D3-BF4B-00C04F79EFBC}") = "LINQFundamentals.DataLayer", "LINQFundamentals.DataLayer\LINQFundamentals.DataLayer.csproj", "{54319922-209E-417B-8681-6CC7D54A29CD}"
EndProject
Global
	GlobalSection(SolutionConfigurationPlatforms) = preSolution
		Debug|Any CPU = Debug|Any CPU
		Release|Any CPU = Release|Any CPU
	EndGlobalSection
	GlobalSection(ProjectConfigurationPlatforms) = postSolution
		{6C43F730-7D33-46DD-B973-2A528DD4EE26}.Debug|Any CPU.ActiveCfg = Debug|Any CPU
		{6C43F730-7D33-46DD-B973-2A528DD4EE26}.Debug|Any CPU.Build.0 = Debug|Any CPU
		{6C43F730-7D33-46DD-B973-2A528DD4EE26}.Release|Any CPU.ActiveCfg = Release|Any CPU
		{6C43F730-7D33-46DD-B973-2A528DD4EE26}.Release|Any CPU.Build.0 = Release|Any CPU
		{ED8E1555-684D-47C7-BAC2-4AC637490471}.Debug|Any CPU.ActiveCfg = Debug|Any CPU
		{ED8E1555-684D-47C7-BAC2-4AC637490471}.Debug|Any CPU.Build.0 = Debug|Any CPU
		{ED8E1555-684D-47C7-BAC2-4AC637490471}.Release|Any CPU.ActiveCfg = Release|Any CPU
		{ED8E1555-684D-47C7-BAC2-4AC637490471}.Release|Any CPU.Build.0 = Release|Any CPU
		{54319922-209E-417B-8681-6CC7D54A29CD}.Debug|Any CPU.ActiveCfg = Debug|Any CPU
		{54319922-209E-417B-8681-6CC7D54A29CD}.Debug|Any CPU.Build.0 = Debug|Any CPU
		{54319922-209E-417B-8681-6CC7D54A29CD}.Release|Any CPU.ActiveCfg = Release|Any CPU
		{54319922-209E-417B-8681-6CC7D54A29CD}.Release|Any CPU.Build.0 = Release|Any CPU
	EndGlobalSection
	GlobalSection(SolutionProperties) = preSolution
		HideSolutionNode = FALSE
	EndGlobalSection
EndGlobal
